
Microsoft Visual Studio Solution File, Format Version 12.00
# Visual Studio Version 16
VisualStudioVersion = 16.0.30523.141
MinimumVisualStudioVersion = 10.0.40219.1
Project("{FAE04EC0-301F-11D3-BF4B-00C04F79EFBC}") = "ClassLibrary1", "ClassLibrary1\ClassLibrary1.csproj", "{AEB3FE04-70DD-4396-836D-BF1E43501E87}"
EndProject
Project("{FAE04EC0-301F-11D3-BF4B-00C04F79EFBC}") = "ClassLibrary1Tests", "ClassLibrary1Tests\ClassLibrary1Tests.csproj", "{355FDF3D-F6C0-4CB2-AC9B-4BF95A684F8C}"
EndProject
Global
	GlobalSection(SolutionConfigurationPlatforms) = preSolution
		Debug|Any CPU = Debug|Any CPU
		Release|Any CPU = Release|Any CPU
	EndGlobalSection
	GlobalSection(ProjectConfigurationPlatforms) = postSolution
		{AEB3FE04-70DD-4396-836D-BF1E43501E87}.Debug|Any CPU.ActiveCfg = Debug|Any CPU
		{AEB3FE04-70DD-4396-836D-BF1E43501E87}.Debug|Any CPU.Build.0 = Debug|Any CPU
		{AEB3FE04-70DD-4396-836D-BF1E43501E87}.Release|Any CPU.ActiveCfg = Release|Any CPU
		{AEB3FE04-70DD-4396-836D-BF1E43501E87}.Release|Any CPU.Build.0 = Release|Any CPU
		{355FDF3D-F6C0-4CB2-AC9B-4BF95A684F8C}.Debug|Any CPU.ActiveCfg = Debug|Any CPU
		{355FDF3D-F6C0-4CB2-AC9B-4BF95A684F8C}.Debug|Any CPU.Build.0 = Debug|Any CPU
		{355FDF3D-F6C0-4CB2-AC9B-4BF95A684F8C}.Release|Any CPU.ActiveCfg = Release|Any CPU
		{355FDF3D-F6C0-4CB2-AC9B-4BF95A684F8C}.Release|Any CPU.Build.0 = Release|Any CPU
	EndGlobalSection
	GlobalSection(SolutionProperties) = preSolution
		HideSolutionNode = FALSE
	EndGlobalSection
	GlobalSection(ExtensibilityGlobals) = postSolution
		SolutionGuid = {B9371105-87DD-4DA5-A743-51C9D138BE42}
	EndGlobalSection
EndGlobal
